# This file is automatically @generated by Cargo.
# It is not intended for manual editing.
version = 3

[[package]]
name = "build-base"
version = "0.1.0"

[[package]]
name = "setup-ldap"
version = "0.1.0"

[[package]]
name = "setup-nfs"
version = "0.1.0"

[[package]]
name = "setup-slurm"
version = "0.1.0"
